
Microsoft Visual Studio Solution File, Format Version 12.00
# Visual Studio 15
VisualStudioVersion = 15.0.28307.1778
MinimumVisualStudioVersion = 10.0.40219.1
Project("{8BC9CEB8-8B4A-11D0-8D11-00A0C91BC942}") = "laba 12", "ConsoleApplication1\ConsoleApplication1.vcxproj", "{D1944D5C-6B74-43C2-94B7-234AD6072834}"
EndProject
Project("{8BC9CEB8-8B4A-11D0-8D11-00A0C91BC942}") = "laba 13 rod", "ConsoleApplication2\ConsoleApplication2.vcxproj", "{FB2AF088-F107-44FE-90E1-35FFF858CFE5}"
EndProject
Project("{8BC9CEB8-8B4A-11D0-8D11-00A0C91BC942}") = "test", "test\test.vcxproj", "{71FBA82B-65E9-4E35-A8FD-CE29E95FEDD3}"
EndProject
Project("{8BC9CEB8-8B4A-11D0-8D11-00A0C91BC942}") = "laba 13", "laba 13\laba 13.vcxproj", "{D0756EBB-D841-4E0F-AAD2-2629B859987E}"
EndProject
Project("{8BC9CEB8-8B4A-11D0-8D11-00A0C91BC942}") = "laba 14 rod", "ConsoleApplication3\ConsoleApplication3.vcxproj", "{494A90DB-B97E-4649-B1A1-A58D7D58D1F8}"
EndProject
Project("{8BC9CEB8-8B4A-11D0-8D11-00A0C91BC942}") = "LABA 14", "LABA 14\LABA 14.vcxproj", "{3CD2D480-1645-4837-9D35-23806F4F00D2}"
EndProject
Project("{8BC9CEB8-8B4A-11D0-8D11-00A0C91BC942}") = "laba15", "laba15\laba15.vcxproj", "{CCDB6C27-0F35-4303-9F3C-1BCC8BB45F4F}"
EndProject
Project("{8BC9CEB8-8B4A-11D0-8D11-00A0C91BC942}") = "laba 15 rod", "дфиф 15.2\дфиф 15.2.vcxproj", "{1D0F9D9A-257A-4D5F-91C9-F7B5E5BF4069}"
EndProject
Project("{8BC9CEB8-8B4A-11D0-8D11-00A0C91BC942}") = "laba 16", "laba 16\laba 16.vcxproj", "{36387139-6AC8-4D5B-8EA5-ADC37BD4D1DA}"
EndProject
Project("{8BC9CEB8-8B4A-11D0-8D11-00A0C91BC942}") = "laba 16 rod", "laba 16 rod\laba 16 rod.vcxproj", "{90F66ABD-0E8C-4CE8-8940-98582F5E1180}"
EndProject
Project("{8BC9CEB8-8B4A-11D0-8D11-00A0C91BC942}") = "laba 17", "laba 17\laba 17.vcxproj", "{AEFDFEC0-88A4-4D2D-AAB2-9D9ACF381D9E}"
EndProject
Global
	GlobalSection(SolutionConfigurationPlatforms) = preSolution
		Debug|x64 = Debug|x64
		Debug|x86 = Debug|x86
		Release|x64 = Release|x64
		Release|x86 = Release|x86
	EndGlobalSection
	GlobalSection(ProjectConfigurationPlatforms) = postSolution
		{D1944D5C-6B74-43C2-94B7-234AD6072834}.Debug|x64.ActiveCfg = Debug|x64
		{D1944D5C-6B74-43C2-94B7-234AD6072834}.Debug|x64.Build.0 = Debug|x64
		{D1944D5C-6B74-43C2-94B7-234AD6072834}.Debug|x86.ActiveCfg = Debug|Win32
		{D1944D5C-6B74-43C2-94B7-234AD6072834}.Debug|x86.Build.0 = Debug|Win32
		{D1944D5C-6B74-43C2-94B7-234AD6072834}.Release|x64.ActiveCfg = Release|x64
		{D1944D5C-6B74-43C2-94B7-234AD6072834}.Release|x64.Build.0 = Release|x64
		{D1944D5C-6B74-43C2-94B7-234AD6072834}.Release|x86.ActiveCfg = Release|Win32
		{D1944D5C-6B74-43C2-94B7-234AD6072834}.Release|x86.Build.0 = Release|Win32
		{FB2AF088-F107-44FE-90E1-35FFF858CFE5}.Debug|x64.ActiveCfg = Debug|x64
		{FB2AF088-F107-44FE-90E1-35FFF858CFE5}.Debug|x64.Build.0 = Debug|x64
		{FB2AF088-F107-44FE-90E1-35FFF858CFE5}.Debug|x86.ActiveCfg = Debug|Win32
		{FB2AF088-F107-44FE-90E1-35FFF858CFE5}.Debug|x86.Build.0 = Debug|Win32
		{FB2AF088-F107-44FE-90E1-35FFF858CFE5}.Release|x64.ActiveCfg = Release|x64
		{FB2AF088-F107-44FE-90E1-35FFF858CFE5}.Release|x64.Build.0 = Release|x64
		{FB2AF088-F107-44FE-90E1-35FFF858CFE5}.Release|x86.ActiveCfg = Release|Win32
		{FB2AF088-F107-44FE-90E1-35FFF858CFE5}.Release|x86.Build.0 = Release|Win32
		{71FBA82B-65E9-4E35-A8FD-CE29E95FEDD3}.Debug|x64.ActiveCfg = Debug|x64
		{71FBA82B-65E9-4E35-A8FD-CE29E95FEDD3}.Debug|x64.Build.0 = Debug|x64
		{71FBA82B-65E9-4E35-A8FD-CE29E95FEDD3}.Debug|x86.ActiveCfg = Debug|Win32
		{71FBA82B-65E9-4E35-A8FD-CE29E95FEDD3}.Debug|x86.Build.0 = Debug|Win32
		{71FBA82B-65E9-4E35-A8FD-CE29E95FEDD3}.Release|x64.ActiveCfg = Release|x64
		{71FBA82B-65E9-4E35-A8FD-CE29E95FEDD3}.Release|x64.Build.0 = Release|x64
		{71FBA82B-65E9-4E35-A8FD-CE29E95FEDD3}.Release|x86.ActiveCfg = Release|Win32
		{71FBA82B-65E9-4E35-A8FD-CE29E95FEDD3}.Release|x86.Build.0 = Release|Win32
		{D0756EBB-D841-4E0F-AAD2-2629B859987E}.Debug|x64.ActiveCfg = Debug|x64
		{D0756EBB-D841-4E0F-AAD2-2629B859987E}.Debug|x64.Build.0 = Debug|x64
		{D0756EBB-D841-4E0F-AAD2-2629B859987E}.Debug|x86.ActiveCfg = Debug|Win32
		{D0756EBB-D841-4E0F-AAD2-2629B859987E}.Debug|x86.Build.0 = Debug|Win32
		{D0756EBB-D841-4E0F-AAD2-2629B859987E}.Release|x64.ActiveCfg = Release|x64
		{D0756EBB-D841-4E0F-AAD2-2629B859987E}.Release|x64.Build.0 = Release|x64
		{D0756EBB-D841-4E0F-AAD2-2629B859987E}.Release|x86.ActiveCfg = Release|Win32
		{D0756EBB-D841-4E0F-AAD2-2629B859987E}.Release|x86.Build.0 = Release|Win32
		{494A90DB-B97E-4649-B1A1-A58D7D58D1F8}.Debug|x64.ActiveCfg = Debug|x64
		{494A90DB-B97E-4649-B1A1-A58D7D58D1F8}.Debug|x64.Build.0 = Debug|x64
		{494A90DB-B97E-4649-B1A1-A58D7D58D1F8}.Debug|x86.ActiveCfg = Debug|Win32
		{494A90DB-B97E-4649-B1A1-A58D7D58D1F8}.Debug|x86.Build.0 = Debug|Win32
		{494A90DB-B97E-4649-B1A1-A58D7D58D1F8}.Release|x64.ActiveCfg = Release|x64
		{494A90DB-B97E-4649-B1A1-A58D7D58D1F8}.Release|x64.Build.0 = Release|x64
		{494A90DB-B97E-4649-B1A1-A58D7D58D1F8}.Release|x86.ActiveCfg = Release|Win32
		{494A90DB-B97E-4649-B1A1-A58D7D58D1F8}.Release|x86.Build.0 = Release|Win32
		{3CD2D480-1645-4837-9D35-23806F4F00D2}.Debug|x64.ActiveCfg = Debug|x64
		{3CD2D480-1645-4837-9D35-23806F4F00D2}.Debug|x64.Build.0 = Debug|x64
		{3CD2D480-1645-4837-9D35-23806F4F00D2}.Debug|x86.ActiveCfg = Debug|Win32
		{3CD2D480-1645-4837-9D35-23806F4F00D2}.Debug|x86.Build.0 = Debug|Win32
		{3CD2D480-1645-4837-9D35-23806F4F00D2}.Release|x64.ActiveCfg = Release|x64
		{3CD2D480-1645-4837-9D35-23806F4F00D2}.Release|x64.Build.0 = Release|x64
		{3CD2D480-1645-4837-9D35-23806F4F00D2}.Release|x86.ActiveCfg = Release|Win32
		{3CD2D480-1645-4837-9D35-23806F4F00D2}.Release|x86.Build.0 = Release|Win32
		{CCDB6C27-0F35-4303-9F3C-1BCC8BB45F4F}.Debug|x64.ActiveCfg = Debug|x64
		{CCDB6C27-0F35-4303-9F3C-1BCC8BB45F4F}.Debug|x64.Build.0 = Debug|x64
		{CCDB6C27-0F35-4303-9F3C-1BCC8BB45F4F}.Debug|x86.ActiveCfg = Debug|Win32
		{CCDB6C27-0F35-4303-9F3C-1BCC8BB45F4F}.Debug|x86.Build.0 = Debug|Win32
		{CCDB6C27-0F35-4303-9F3C-1BCC8BB45F4F}.Release|x64.ActiveCfg = Release|x64
		{CCDB6C27-0F35-4303-9F3C-1BCC8BB45F4F}.Release|x64.Build.0 = Release|x64
		{CCDB6C27-0F35-4303-9F3C-1BCC8BB45F4F}.Release|x86.ActiveCfg = Release|Win32
		{CCDB6C27-0F35-4303-9F3C-1BCC8BB45F4F}.Release|x86.Build.0 = Release|Win32
		{1D0F9D9A-257A-4D5F-91C9-F7B5E5BF4069}.Debug|x64.ActiveCfg = Debug|x64
		{1D0F9D9A-257A-4D5F-91C9-F7B5E5BF4069}.Debug|x64.Build.0 = Debug|x64
		{1D0F9D9A-257A-4D5F-91C9-F7B5E5BF4069}.Debug|x86.ActiveCfg = Debug|Win32
		{1D0F9D9A-257A-4D5F-91C9-F7B5E5BF4069}.Debug|x86.Build.0 = Debug|Win32
		{1D0F9D9A-257A-4D5F-91C9-F7B5E5BF4069}.Release|x64.ActiveCfg = Release|x64
		{1D0F9D9A-257A-4D5F-91C9-F7B5E5BF4069}.Release|x64.Build.0 = Release|x64
		{1D0F9D9A-257A-4D5F-91C9-F7B5E5BF4069}.Release|x86.ActiveCfg = Release|Win32
		{1D0F9D9A-257A-4D5F-91C9-F7B5E5BF4069}.Release|x86.Build.0 = Release|Win32
		{36387139-6AC8-4D5B-8EA5-ADC37BD4D1DA}.Debug|x64.ActiveCfg = Debug|x64
		{36387139-6AC8-4D5B-8EA5-ADC37BD4D1DA}.Debug|x64.Build.0 = Debug|x64
		{36387139-6AC8-4D5B-8EA5-ADC37BD4D1DA}.Debug|x86.ActiveCfg = Debug|Win32
		{36387139-6AC8-4D5B-8EA5-ADC37BD4D1DA}.Debug|x86.Build.0 = Debug|Win32
		{36387139-6AC8-4D5B-8EA5-ADC37BD4D1DA}.Release|x64.ActiveCfg = Release|x64
		{36387139-6AC8-4D5B-8EA5-ADC37BD4D1DA}.Release|x64.Build.0 = Release|x64
		{36387139-6AC8-4D5B-8EA5-ADC37BD4D1DA}.Release|x86.ActiveCfg = Release|Win32
		{36387139-6AC8-4D5B-8EA5-ADC37BD4D1DA}.Release|x86.Build.0 = Release|Win32
		{90F66ABD-0E8C-4CE8-8940-98582F5E1180}.Debug|x64.ActiveCfg = Debug|x64
		{90F66ABD-0E8C-4CE8-8940-98582F5E1180}.Debug|x64.Build.0 = Debug|x64
		{90F66ABD-0E8C-4CE8-8940-98582F5E1180}.Debug|x86.ActiveCfg = Debug|Win32
		{90F66ABD-0E8C-4CE8-8940-98582F5E1180}.Debug|x86.Build.0 = Debug|Win32
		{90F66ABD-0E8C-4CE8-8940-98582F5E1180}.Release|x64.ActiveCfg = Release|x64
		{90F66ABD-0E8C-4CE8-8940-98582F5E1180}.Release|x64.Build.0 = Release|x64
		{90F66ABD-0E8C-4CE8-8940-98582F5E1180}.Release|x86.ActiveCfg = Release|Win32
		{90F66ABD-0E8C-4CE8-8940-98582F5E1180}.Release|x86.Build.0 = Release|Win32
		{AEFDFEC0-88A4-4D2D-AAB2-9D9ACF381D9E}.Debug|x64.ActiveCfg = Debug|x64
		{AEFDFEC0-88A4-4D2D-AAB2-9D9ACF381D9E}.Debug|x64.Build.0 = Debug|x64
		{AEFDFEC0-88A4-4D2D-AAB2-9D9ACF381D9E}.Debug|x86.ActiveCfg = Debug|Win32
		{AEFDFEC0-88A4-4D2D-AAB2-9D9ACF381D9E}.Debug|x86.Build.0 = Debug|Win32
		{AEFDFEC0-88A4-4D2D-AAB2-9D9ACF381D9E}.Release|x64.ActiveCfg = Release|x64
		{AEFDFEC0-88A4-4D2D-AAB2-9D9ACF381D9E}.Release|x64.Build.0 = Release|x64
		{AEFDFEC0-88A4-4D2D-AAB2-9D9ACF381D9E}.Release|x86.ActiveCfg = Release|Win32
		{AEFDFEC0-88A4-4D2D-AAB2-9D9ACF381D9E}.Release|x86.Build.0 = Release|Win32
	EndGlobalSection
	GlobalSection(SolutionProperties) = preSolution
		HideSolutionNode = FALSE
	EndGlobalSection
	GlobalSection(ExtensibilityGlobals) = postSolution
		SolutionGuid = {411469D0-2BDD-4F32-9C7E-774C6A0A8247}
	EndGlobalSection
EndGlobal
